
Microsoft Visual Studio Solution File, Format Version 12.00
# Visual Studio Version 17
VisualStudioVersion = 17.11.35312.102
MinimumVisualStudioVersion = 10.0.40219.1
Project("{FAE04EC0-301F-11D3-BF4B-00C04F79EFBC}") = "laba4", "laba4\laba4.csproj", "{0D67660D-8FD3-4979-A934-06F55A9C6500}"
EndProject
Global
	GlobalSection(SolutionConfigurationPlatforms) = preSolution
		Debug|Any CPU = Debug|Any CPU
		Release|Any CPU = Release|Any CPU
	EndGlobalSection
	GlobalSection(ProjectConfigurationPlatforms) = postSolution
		{0D67660D-8FD3-4979-A934-06F55A9C6500}.Debug|Any CPU.ActiveCfg = Debug|Any CPU
		{0D67660D-8FD3-4979-A934-06F55A9C6500}.Debug|Any CPU.Build.0 = Debug|Any CPU
		{0D67660D-8FD3-4979-A934-06F55A9C6500}.Release|Any CPU.ActiveCfg = Release|Any CPU
		{0D67660D-8FD3-4979-A934-06F55A9C6500}.Release|Any CPU.Build.0 = Release|Any CPU
	EndGlobalSection
	GlobalSection(SolutionProperties) = preSolution
		HideSolutionNode = FALSE
	EndGlobalSection
	GlobalSection(ExtensibilityGlobals) = postSolution
		SolutionGuid = {C8889553-086F-4010-BF79-9B1947526078}
	EndGlobalSection
EndGlobal
